{
  "version": 4,
  "terraform_version": "0.12.20",
  "serial": 20,
  "lineage": "a06c8ef9-bdb9-e878-0815-6b2a565a7b01",
  "outputs": {},
  "resources": [
    {
      "mode": "data",
      "type": "ibm_pi_images",
      "name": "power_images",
      "provider": "provider.ibm",
      "instances": [
        {
          "schema_version": 0,
          "attributes": {
            "id": "4a33ad7a-a2a4-cba2-79c7-21ac64c8e139",
            "image_info": [
              {
                "href": "/pcloud/v1/cloud-instances/5a4cabf4e8104cc88e239c524d806cdd/images/b69de09a-a74c-4c30-b502-17a27c90bf9a",
                "id": "b69de09a-a74c-4c30-b502-17a27c90bf9a",
                "name": "IBMi-72-09-002",
                "state": "queued"
              }
            ],
            "pi_cloud_instance_id": "2adcae61-db54-45c8-a816-a8b8c66679e8",
            "pi_image_name": null
          }
        }
      ]
    },
    {
      "mode": "data",
      "type": "ibm_pi_key",
      "name": "sshkey",
      "provider": "provider.ibm",
      "instances": [
        {
          "schema_version": 0,
          "attributes": {
            "creation_date": null,
            "id": "anotherone",
            "pi_cloud_instance_id": "2adcae61-db54-45c8-a816-a8b8c66679e8",
            "pi_key_name": "anotherone",
            "sshkey": "ssh-rsa AAAAB3NzaC1yc2EAAAADAQABAAABAQDREXgmkzT2brACuNhkkwaCQkoMEIj/JicTsIK2S1pASQl7b5e/JPnH6MLf62j8jlZ+h3YOEYrxfhHr1tOiXy0iTFOvVZm4pRBXwiqDe0Cgi46pHABgQBsi2Gr/4gjjLEdAbRp6j4v0la9DB7z71+zUe3JhQ85RggFiiaX1JFQU+Gr/6Q7PcDeWt3PeXagJkm+ddVr28RcRzTnM9HWquld3urXUt6l30u9Gnh8+yQKaoJNwVwG28J8K2bihisxXP47EwOCdAQ8jmcDIVa7d1BRZ+JQfB3zKmStm25zAjaJrCymcAXpRaBx5M/M1sBIgDKrQ5XWYHgWGSHIFRCPgOYkl rhine@macbook\n"
          }
        }
      ]
    },
    {
      "mode": "data",
      "type": "ibm_pi_public_network",
      "name": "public",
      "provider": "provider.ibm",
      "instances": [
        {
          "schema_version": 0,
          "attributes": {
            "id": "7bb5bf60-f2e8-4dd1-bc28-81eae1e82469",
            "name": "MYSUBNET",
            "network_id": null,
            "pi_cloud_instance_id": "2adcae61-db54-45c8-a816-a8b8c66679e8",
            "pi_network_name": null,
            "type": "pub-vlan",
            "vlan_id": 2050
          }
        }
      ]
    },
    {
      "mode": "managed",
      "type": "ibm_pi_key",
      "name": "key",
      "provider": "provider.ibm",
      "instances": [
        {
          "schema_version": 0,
          "attributes": {
            "id": "1d80f3d0-1854-4dd2-afcd-e42c0cda43f7/anotherone",
            "key_id": "anotherone",
            "pi_cloud_instance_id": "2adcae61-db54-45c8-a816-a8b8c66679e8",
            "pi_creation_date": null,
            "pi_key_name": "anotherone",
            "pi_ssh_key": "ssh-rsa AAAAB3NzaC1yc2EAAAADAQABAAABAQDREXgmkzT2brACuNhkkwaCQkoMEIj/JicTsIK2S1pASQl7b5e/JPnH6MLf62j8jlZ+h3YOEYrxfhHr1tOiXy0iTFOvVZm4pRBXwiqDe0Cgi46pHABgQBsi2Gr/4gjjLEdAbRp6j4v0la9DB7z71+zUe3JhQ85RggFiiaX1JFQU+Gr/6Q7PcDeWt3PeXagJkm+ddVr28RcRzTnM9HWquld3urXUt6l30u9Gnh8+yQKaoJNwVwG28J8K2bihisxXP47EwOCdAQ8jmcDIVa7d1BRZ+JQfB3zKmStm25zAjaJrCymcAXpRaBx5M/M1sBIgDKrQ5XWYHgWGSHIFRCPgOYkl rhine@macbook",
            "timeouts": null
          },
          "private": "eyJlMmJmYjczMC1lY2FhLTExZTYtOGY4OC0zNDM2M2JjN2M0YzAiOnsiY3JlYXRlIjozNjAwMDAwMDAwMDAwLCJkZWxldGUiOjM2MDAwMDAwMDAwMDB9fQ=="
        }
      ]
    },
    {
      "mode": "managed",
      "type": "ibm_pi_network",
      "name": "power_networks",
      "each": "list",
      "provider": "provider.ibm",
      "instances": [
        {
          "index_key": 0,
          "schema_version": 0,
          "attributes": {
            "id": "2adcae61-db54-45c8-a816-a8b8c66679e8/7bb5bf60-f2e8-4dd1-bc28-81eae1e82469",
            "network_id": "7bb5bf60-f2e8-4dd1-bc28-81eae1e82469",
            "pi_cidr": "192.168.129.176/29",
            "pi_cloud_instance_id": "2adcae61-db54-45c8-a816-a8b8c66679e8",
            "pi_dns": null,
            "pi_gateway": null,
            "pi_network_name": "MYSUBNET",
            "pi_network_type": "pub-vlan",
            "timeouts": null,
            "vlan_id": 2050
          },
          "private": "eyJlMmJmYjczMC1lY2FhLTExZTYtOGY4OC0zNDM2M2JjN2M0YzAiOnsiY3JlYXRlIjozNjAwMDAwMDAwMDAwLCJkZWxldGUiOjM2MDAwMDAwMDAwMDB9fQ=="
        }
      ]
    }
  ]
}
