{
  "version": 4,
  "terraform_version": "0.12.20",
  "serial": 25,
  "lineage": "a06c8ef9-bdb9-e878-0815-6b2a565a7b01",
  "outputs": {},
  "resources": [
    {
      "mode": "data",
      "type": "ibm_pi_images",
      "name": "power_images",
      "provider": "provider.ibm",
      "instances": [
        {
          "schema_version": 0,
          "attributes": {
            "id": "be9190e3-0d17-fecb-4511-37001e6272d4",
            "image_info": [
              {
                "href": "/pcloud/v1/cloud-instances/5a4cabf4e8104cc88e239c524d806cdd/images/b69de09a-a74c-4c30-b502-17a27c90bf9a",
                "id": "b69de09a-a74c-4c30-b502-17a27c90bf9a",
                "name": "IBMi-72-09-002",
                "state": "active"
              }
            ],
            "pi_cloud_instance_id": "2adcae61-db54-45c8-a816-a8b8c66679e8",
            "pi_image_name": null
          }
        }
      ]
    },
    {
      "mode": "data",
      "type": "ibm_pi_key",
      "name": "sshkey",
      "provider": "provider.ibm",
      "instances": [
        {
          "schema_version": 0,
          "attributes": {
            "creation_date": null,
            "id": "anotherone",
            "pi_cloud_instance_id": "2adcae61-db54-45c8-a816-a8b8c66679e8",
            "pi_key_name": "anotherone",
            "sshkey": "ssh-rsa AAAAB3NzaC1yc2EAAAADAQABAAABAQDREXgmkzT2brACuNhkkwaCQkoMEIj/JicTsIK2S1pASQl7b5e/JPnH6MLf62j8jlZ+h3YOEYrxfhHr1tOiXy0iTFOvVZm4pRBXwiqDe0Cgi46pHABgQBsi2Gr/4gjjLEdAbRp6j4v0la9DB7z71+zUe3JhQ85RggFiiaX1JFQU+Gr/6Q7PcDeWt3PeXagJkm+ddVr28RcRzTnM9HWquld3urXUt6l30u9Gnh8+yQKaoJNwVwG28J8K2bihisxXP47EwOCdAQ8jmcDIVa7d1BRZ+JQfB3zKmStm25zAjaJrCymcAXpRaBx5M/M1sBIgDKrQ5XWYHgWGSHIFRCPgOYkl rhine@macbook\n"
          }
        }
      ]
    },
    {
      "mode": "data",
      "type": "ibm_pi_public_network",
      "name": "public",
      "provider": "provider.ibm",
      "instances": [
        {
          "schema_version": 0,
          "attributes": {
            "id": "7bb5bf60-f2e8-4dd1-bc28-81eae1e82469",
            "name": "MYSUBNET",
            "network_id": null,
            "pi_cloud_instance_id": "2adcae61-db54-45c8-a816-a8b8c66679e8",
            "pi_network_name": null,
            "type": "pub-vlan",
            "vlan_id": 2050
          }
        }
      ]
    },
    {
      "mode": "managed",
      "type": "ibm_pi_instance",
      "name": "power-instance",
      "provider": "provider.ibm",
      "instances": [
        {
          "schema_version": 0,
          "attributes": {
            "addresses": [
              {
                "external_ip": "52.117.58.50",
                "ip": "192.168.129.178",
                "macaddress": "fa:04:c1:7b:ba:20",
                "network_id": "7bb5bf60-f2e8-4dd1-bc28-81eae1e82469",
                "network_name": "MYSUBNET",
                "type": "fixed"
              }
            ],
            "health_status": "OK",
            "id": "2adcae61-db54-45c8-a816-a8b8c66679e8/1bc19694-7fc0-4992-a583-6a639a36c770",
            "instance_id": "1bc19694-7fc0-4992-a583-6a639a36c770",
            "migratable": false,
            "min_processors": 0.25,
            "pi_cloud_instance_id": "2adcae61-db54-45c8-a816-a8b8c66679e8",
            "pi_image_id": "b69de09a-a74c-4c30-b502-17a27c90bf9a",
            "pi_instance_name": "CSI",
            "pi_key_pair_name": "anotherone",
            "pi_memory": 2,
            "pi_network_ids": [
              "7bb5bf60-f2e8-4dd1-bc28-81eae1e82469"
            ],
            "pi_proc_type": "shared",
            "pi_processors": 0.25,
            "pi_progress": 0,
            "pi_replicants": 1,
            "pi_replication_policy": "none",
            "pi_replication_scheme": "suffix",
            "pi_sys_type": "s922",
            "pi_user_data": null,
            "pi_volume_ids": [
              "0627a25b-9934-43d5-9ed0-9b20c85c14b7"
            ],
            "status": "ACTIVE",
            "timeouts": null
          },
          "private": "eyJlMmJmYjczMC1lY2FhLTExZTYtOGY4OC0zNDM2M2JjN2M0YzAiOnsiY3JlYXRlIjozNjAwMDAwMDAwMDAwLCJkZWxldGUiOjM2MDAwMDAwMDAwMDAsInVwZGF0ZSI6MzYwMDAwMDAwMDAwMH19",
          "dependencies": [
            "ibm_pi_key.key",
            "ibm_pi_network.power_networks"
          ]
        }
      ]
    },
    {
      "mode": "managed",
      "type": "ibm_pi_key",
      "name": "key",
      "provider": "provider.ibm",
      "instances": [
        {
          "schema_version": 0,
          "attributes": {
            "id": "1d80f3d0-1854-4dd2-afcd-e42c0cda43f7/anotherone",
            "key_id": "anotherone",
            "pi_cloud_instance_id": "2adcae61-db54-45c8-a816-a8b8c66679e8",
            "pi_creation_date": null,
            "pi_key_name": "anotherone",
            "pi_ssh_key": "ssh-rsa AAAAB3NzaC1yc2EAAAADAQABAAABAQDREXgmkzT2brACuNhkkwaCQkoMEIj/JicTsIK2S1pASQl7b5e/JPnH6MLf62j8jlZ+h3YOEYrxfhHr1tOiXy0iTFOvVZm4pRBXwiqDe0Cgi46pHABgQBsi2Gr/4gjjLEdAbRp6j4v0la9DB7z71+zUe3JhQ85RggFiiaX1JFQU+Gr/6Q7PcDeWt3PeXagJkm+ddVr28RcRzTnM9HWquld3urXUt6l30u9Gnh8+yQKaoJNwVwG28J8K2bihisxXP47EwOCdAQ8jmcDIVa7d1BRZ+JQfB3zKmStm25zAjaJrCymcAXpRaBx5M/M1sBIgDKrQ5XWYHgWGSHIFRCPgOYkl rhine@macbook",
            "timeouts": null
          },
          "private": "eyJlMmJmYjczMC1lY2FhLTExZTYtOGY4OC0zNDM2M2JjN2M0YzAiOnsiY3JlYXRlIjozNjAwMDAwMDAwMDAwLCJkZWxldGUiOjM2MDAwMDAwMDAwMDB9fQ=="
        }
      ]
    },
    {
      "mode": "managed",
      "type": "ibm_pi_network",
      "name": "power_networks",
      "each": "list",
      "provider": "provider.ibm",
      "instances": [
        {
          "index_key": 0,
          "schema_version": 0,
          "attributes": {
            "id": "2adcae61-db54-45c8-a816-a8b8c66679e8/7bb5bf60-f2e8-4dd1-bc28-81eae1e82469",
            "network_id": "7bb5bf60-f2e8-4dd1-bc28-81eae1e82469",
            "pi_cidr": "192.168.129.176/29",
            "pi_cloud_instance_id": "2adcae61-db54-45c8-a816-a8b8c66679e8",
            "pi_dns": [],
            "pi_gateway": null,
            "pi_network_name": "MYSUBNET",
            "pi_network_type": "pub-vlan",
            "timeouts": null,
            "vlan_id": 2050
          },
          "private": "eyJlMmJmYjczMC1lY2FhLTExZTYtOGY4OC0zNDM2M2JjN2M0YzAiOnsiY3JlYXRlIjozNjAwMDAwMDAwMDAwLCJkZWxldGUiOjM2MDAwMDAwMDAwMDB9fQ=="
        }
      ]
    }
  ]
}
