{
  "version": 4,
  "terraform_version": "0.12.20",
  "serial": 25,
  "lineage": "eaf693e3-0bed-d62c-be0d-5a437000c7fb",
  "outputs": {},
  "resources": [
    {
      "mode": "data",
      "type": "ibm_pi_images",
      "name": "power_images",
      "provider": "provider.ibm",
      "instances": [
        {
          "schema_version": 0,
          "attributes": {
            "id": "7e2bbee6-0c3e-f2ec-c73d-707c4efb1cd3",
            "image_info": [
              {
                "href": "/pcloud/v1/cloud-instances/d2aed3acc1294c2293577b99d4799c50/images/571fe12f-81ac-4e88-9cb0-7409eb2c856a",
                "id": "571fe12f-81ac-4e88-9cb0-7409eb2c856a",
                "name": "7100-05-04",
                "state": "active"
              },
              {
                "href": "/pcloud/v1/cloud-instances/d2aed3acc1294c2293577b99d4799c50/images/34454936-203a-4720-a642-934c8f8788c4",
                "id": "34454936-203a-4720-a642-934c8f8788c4",
                "name": "IBMi-72-09-002",
                "state": "active"
              }
            ],
            "pi_cloud_instance_id": "1d80f3d0-1854-4dd2-afcd-e42c0cda43f7",
            "pi_image_name": null
          }
        }
      ]
    },
    {
      "mode": "data",
      "type": "ibm_pi_key",
      "name": "sshkey",
      "provider": "provider.ibm",
      "instances": [
        {
          "schema_version": 0,
          "attributes": {
            "creation_date": null,
            "id": "anotherone",
            "pi_cloud_instance_id": "1d80f3d0-1854-4dd2-afcd-e42c0cda43f7",
            "pi_key_name": "anotherone",
            "sshkey": "ssh-rsa AAAAB3NzaC1yc2EAAAADAQABAAABAQDREXgmkzT2brACuNhkkwaCQkoMEIj/JicTsIK2S1pASQl7b5e/JPnH6MLf62j8jlZ+h3YOEYrxfhHr1tOiXy0iTFOvVZm4pRBXwiqDe0Cgi46pHABgQBsi2Gr/4gjjLEdAbRp6j4v0la9DB7z71+zUe3JhQ85RggFiiaX1JFQU+Gr/6Q7PcDeWt3PeXagJkm+ddVr28RcRzTnM9HWquld3urXUt6l30u9Gnh8+yQKaoJNwVwG28J8K2bihisxXP47EwOCdAQ8jmcDIVa7d1BRZ+JQfB3zKmStm25zAjaJrCymcAXpRaBx5M/M1sBIgDKrQ5XWYHgWGSHIFRCPgOYkl rhine@macbook"
          }
        }
      ]
    },
    {
      "mode": "data",
      "type": "ibm_pi_public_network",
      "name": "public",
      "provider": "provider.ibm",
      "instances": [
        {
          "schema_version": 0,
          "attributes": {
            "id": "e94e1984-cb3e-4b6a-99fa-d78d4b56b484",
            "name": "MYSUBNET",
            "network_id": null,
            "pi_cloud_instance_id": "1d80f3d0-1854-4dd2-afcd-e42c0cda43f7",
            "pi_network_name": null,
            "type": "pub-vlan",
            "vlan_id": 2090
          }
        }
      ]
    },
    {
      "mode": "managed",
      "type": "ibm_pi_instance",
      "name": "power-instance",
      "provider": "provider.ibm",
      "instances": [
        {
          "schema_version": 0,
          "attributes": {
            "addresses": [
              {
                "external_ip": "161.156.154.230",
                "ip": "192.168.132.246",
                "macaddress": "fa:0a:12:5c:7c:20",
                "network_id": "e94e1984-cb3e-4b6a-99fa-d78d4b56b484",
                "network_name": "MYSUBNET",
                "type": "fixed"
              }
            ],
            "health_status": "OK",
            "id": "1d80f3d0-1854-4dd2-afcd-e42c0cda43f7/00f2b93e-b89d-4c29-ba14-03c5cb382e53",
            "instance_id": "00f2b93e-b89d-4c29-ba14-03c5cb382e53",
            "migratable": false,
            "min_processors": 0.5,
            "pi_cloud_instance_id": "1d80f3d0-1854-4dd2-afcd-e42c0cda43f7",
            "pi_image_id": "34454936-203a-4720-a642-934c8f8788c4",
            "pi_instance_name": "CSI",
            "pi_key_pair_name": "anotherone",
            "pi_memory": 4,
            "pi_network_ids": [
              "e94e1984-cb3e-4b6a-99fa-d78d4b56b484"
            ],
            "pi_proc_type": "shared",
            "pi_processors": 1,
            "pi_progress": 0,
            "pi_replicants": 1,
            "pi_replication_policy": "none",
            "pi_replication_scheme": "suffix",
            "pi_sys_type": "s922",
            "pi_user_data": null,
            "pi_volume_ids": [
              "f41cb842-fa26-42ab-94d7-bed6bda3c022"
            ],
            "status": "ACTIVE",
            "timeouts": null
          },
          "private": "eyJlMmJmYjczMC1lY2FhLTExZTYtOGY4OC0zNDM2M2JjN2M0YzAiOnsiY3JlYXRlIjozNjAwMDAwMDAwMDAwLCJkZWxldGUiOjM2MDAwMDAwMDAwMDAsInVwZGF0ZSI6MzYwMDAwMDAwMDAwMH19",
          "dependencies": [
            "ibm_pi_key.key",
            "ibm_pi_network.power_networks"
          ]
        }
      ]
    },
    {
      "mode": "managed",
      "type": "ibm_pi_key",
      "name": "key",
      "provider": "provider.ibm",
      "instances": [
        {
          "schema_version": 0,
          "attributes": {
            "id": "1d80f3d0-1854-4dd2-afcd-e42c0cda43f7/anotherone",
            "key_id": "anotherone",
            "pi_cloud_instance_id": "1d80f3d0-1854-4dd2-afcd-e42c0cda43f7",
            "pi_creation_date": null,
            "pi_key_name": "anotherone",
            "pi_ssh_key": "ssh-rsa AAAAB3NzaC1yc2EAAAADAQABAAABAQDREXgmkzT2brACuNhkkwaCQkoMEIj/JicTsIK2S1pASQl7b5e/JPnH6MLf62j8jlZ+h3YOEYrxfhHr1tOiXy0iTFOvVZm4pRBXwiqDe0Cgi46pHABgQBsi2Gr/4gjjLEdAbRp6j4v0la9DB7z71+zUe3JhQ85RggFiiaX1JFQU+Gr/6Q7PcDeWt3PeXagJkm+ddVr28RcRzTnM9HWquld3urXUt6l30u9Gnh8+yQKaoJNwVwG28J8K2bihisxXP47EwOCdAQ8jmcDIVa7d1BRZ+JQfB3zKmStm25zAjaJrCymcAXpRaBx5M/M1sBIgDKrQ5XWYHgWGSHIFRCPgOYkl rhine@macbook",
            "timeouts": null
          },
          "private": "eyJlMmJmYjczMC1lY2FhLTExZTYtOGY4OC0zNDM2M2JjN2M0YzAiOnsiY3JlYXRlIjozNjAwMDAwMDAwMDAwLCJkZWxldGUiOjM2MDAwMDAwMDAwMDB9fQ=="
        }
      ]
    },
    {
      "mode": "managed",
      "type": "ibm_pi_network",
      "name": "power_networks",
      "each": "list",
      "provider": "provider.ibm",
      "instances": [
        {
          "index_key": 0,
          "schema_version": 0,
          "attributes": {
            "id": "1d80f3d0-1854-4dd2-afcd-e42c0cda43f7/e94e1984-cb3e-4b6a-99fa-d78d4b56b484",
            "network_id": "e94e1984-cb3e-4b6a-99fa-d78d4b56b484",
            "pi_cidr": "192.168.132.240/29",
            "pi_cloud_instance_id": "1d80f3d0-1854-4dd2-afcd-e42c0cda43f7",
            "pi_dns": [],
            "pi_gateway": null,
            "pi_network_name": "MYSUBNET",
            "pi_network_type": "pub-vlan",
            "timeouts": null,
            "vlan_id": 2090
          }
        }
      ]
    }
  ]
}
